
Microsoft Visual Studio Solution File, Format Version 12.00
# Visual Studio 2013
VisualStudioVersion = 12.0.31101.0
MinimumVisualStudioVersion = 10.0.40219.1
Project("{FAE04EC0-301F-11D3-BF4B-00C04F79EFBC}") = "Rabbit", "Rabbit\Rabbit.csproj", "{1CA63210-F78C-4605-88C9-D0671CE83E85}"
EndProject
Project("{FAE04EC0-301F-11D3-BF4B-00C04F79EFBC}") = "Rabbit.Tests", "Rabbit.Tests\Rabbit.Tests.csproj", "{1343222A-4F17-415A-809D-F880FF6C5D49}"
EndProject
Project("{FAE04EC0-301F-11D3-BF4B-00C04F79EFBC}") = "Game", "Game\Game.csproj", "{EDB99EB6-E262-4A99-A3EE-F1E9E21BF5B1}"
EndProject
Global
	GlobalSection(SolutionConfigurationPlatforms) = preSolution
		Debug|Any CPU = Debug|Any CPU
		Release|Any CPU = Release|Any CPU
	EndGlobalSection
	GlobalSection(ProjectConfigurationPlatforms) = postSolution
		{1CA63210-F78C-4605-88C9-D0671CE83E85}.Debug|Any CPU.ActiveCfg = Debug|Any CPU
		{1CA63210-F78C-4605-88C9-D0671CE83E85}.Debug|Any CPU.Build.0 = Debug|Any CPU
		{1CA63210-F78C-4605-88C9-D0671CE83E85}.Release|Any CPU.ActiveCfg = Release|Any CPU
		{1CA63210-F78C-4605-88C9-D0671CE83E85}.Release|Any CPU.Build.0 = Release|Any CPU
		{1343222A-4F17-415A-809D-F880FF6C5D49}.Debug|Any CPU.ActiveCfg = Debug|Any CPU
		{1343222A-4F17-415A-809D-F880FF6C5D49}.Debug|Any CPU.Build.0 = Debug|Any CPU
		{1343222A-4F17-415A-809D-F880FF6C5D49}.Release|Any CPU.ActiveCfg = Release|Any CPU
		{1343222A-4F17-415A-809D-F880FF6C5D49}.Release|Any CPU.Build.0 = Release|Any CPU
		{EDB99EB6-E262-4A99-A3EE-F1E9E21BF5B1}.Debug|Any CPU.ActiveCfg = Debug|Any CPU
		{EDB99EB6-E262-4A99-A3EE-F1E9E21BF5B1}.Debug|Any CPU.Build.0 = Debug|Any CPU
		{EDB99EB6-E262-4A99-A3EE-F1E9E21BF5B1}.Release|Any CPU.ActiveCfg = Release|Any CPU
		{EDB99EB6-E262-4A99-A3EE-F1E9E21BF5B1}.Release|Any CPU.Build.0 = Release|Any CPU
	EndGlobalSection
	GlobalSection(SolutionProperties) = preSolution
		HideSolutionNode = FALSE
	EndGlobalSection
EndGlobal
